
Microsoft Visual Studio Solution File, Format Version 12.00
# Visual Studio Version 17
VisualStudioVersion = 17.5.33424.131
MinimumVisualStudioVersion = 10.0.40219.1
Project("{FAE04EC0-301F-11D3-BF4B-00C04F79EFBC}") = "BDAS2-BCSH2-University-Project", "BDAS2-BCSH2-University-Project\BDAS2-BCSH2-University-Project.csproj", "{26FC8B65-BC90-4900-B1E4-96EEE0EAC7B2}"
EndProject
Global
	GlobalSection(SolutionConfigurationPlatforms) = preSolution
		Debug|Any CPU = Debug|Any CPU
		Release|Any CPU = Release|Any CPU
	EndGlobalSection
	GlobalSection(ProjectConfigurationPlatforms) = postSolution
		{26FC8B65-BC90-4900-B1E4-96EEE0EAC7B2}.Debug|Any CPU.ActiveCfg = Debug|Any CPU
		{26FC8B65-BC90-4900-B1E4-96EEE0EAC7B2}.Debug|Any CPU.Build.0 = Debug|Any CPU
		{26FC8B65-BC90-4900-B1E4-96EEE0EAC7B2}.Release|Any CPU.ActiveCfg = Release|Any CPU
		{26FC8B65-BC90-4900-B1E4-96EEE0EAC7B2}.Release|Any CPU.Build.0 = Release|Any CPU
	EndGlobalSection
	GlobalSection(SolutionProperties) = preSolution
		HideSolutionNode = FALSE
	EndGlobalSection
	GlobalSection(ExtensibilityGlobals) = postSolution
		SolutionGuid = {C71B0968-6D7C-4715-A5F5-06E19614778B}
	EndGlobalSection
EndGlobal
